// !$*UTF8*$!
{
	archiveVersion = 1;
	classes = {
	};
	objectVersion = 50;
	objects = {

/* Begin PBXBuildFile section */
		F9F7971126B2FE6A0004F9B2 /* AppDelegate.swift in Sources */ = {isa = PBXBuildFile; fileRef = F9F7971026B2FE6A0004F9B2 /* AppDelegate.swift */; };
		F9F7971326B2FE6A0004F9B2 /* SceneDelegate.swift in Sources */ = {isa = PBXBuildFile; fileRef = F9F7971226B2FE6A0004F9B2 /* SceneDelegate.swift */; };
		F9F7971526B2FE6A0004F9B2 /* ViewController.swift in Sources */ = {isa = PBXBuildFile; fileRef = F9F7971426B2FE6A0004F9B2 /* ViewController.swift */; };
		F9F7971826B2FE6A0004F9B2 /* Main.storyboard in Resources */ = {isa = PBXBuildFile; fileRef = F9F7971626B2FE6A0004F9B2 /* Main.storyboard */; };
		F9F7971B26B2FE6A0004F9B2 /* Intro_to_Segues.xcdatamodeld in Sources */ = {isa = PBXBuildFile; fileRef = F9F7971926B2FE6A0004F9B2 /* Intro_to_Segues.xcdatamodeld */; };
		F9F7971D26B2FE6B0004F9B2 /* Assets.xcassets in Resources */ = {isa = PBXBuildFile; fileRef = F9F7971C26B2FE6B0004F9B2 /* Assets.xcassets */; };
		F9F7972026B2FE6B0004F9B2 /* LaunchScreen.storyboard in Resources */ = {isa = PBXBuildFile; fileRef = F9F7971E26B2FE6B0004F9B2 /* LaunchScreen.storyboard */; };
		F9F7972B26B2FE6B0004F9B2 /* Intro_to_SeguesTests.swift in Sources */ = {isa = PBXBuildFile; fileRef = F9F7972A26B2FE6B0004F9B2 /* Intro_to_SeguesTests.swift */; };
		F9F7973626B2FE6B0004F9B2 /* Intro_to_SeguesUITests.swift in Sources */ = {isa = PBXBuildFile; fileRef = F9F7973526B2FE6B0004F9B2 /* Intro_to_SeguesUITests.swift */; };
		F9F7974426B306820004F9B2 /* SecondViewController.swift in Sources */ = {isa = PBXBuildFile; fileRef = F9F7974326B306820004F9B2 /* SecondViewController.swift */; };
/* End PBXBuildFile section */

/* Begin PBXContainerItemProxy section */
		F9F7972726B2FE6B0004F9B2 /* PBXContainerItemProxy */ = {
			isa = PBXContainerItemProxy;
			containerPortal = F9F7970526B2FE6A0004F9B2 /* Project object */;
			proxyType = 1;
			remoteGlobalIDString = F9F7970C26B2FE6A0004F9B2;
			remoteInfo = "Intro-to-Segues";
		};
		F9F7973226B2FE6B0004F9B2 /* PBXContainerItemProxy */ = {
			isa = PBXContainerItemProxy;
			containerPortal = F9F7970526B2FE6A0004F9B2 /* Project object */;
			proxyType = 1;
			remoteGlobalIDString = F9F7970C26B2FE6A0004F9B2;
			remoteInfo = "Intro-to-Segues";
		};
/* End PBXContainerItemProxy section */

/* Begin PBXFileReference section */
		F9F7970D26B2FE6A0004F9B2 /* Intro-to-Segues.app */ = {isa = PBXFileReference; explicitFileType = wrapper.application; includeInIndex = 0; path = "Intro-to-Segues.app"; sourceTree = BUILT_PRODUCTS_DIR; };
		F9F7971026B2FE6A0004F9B2 /* AppDelegate.swift */ = {isa = PBXFileReference; lastKnownFileType = sourcecode.swift; path = AppDelegate.swift; sourceTree = "<group>"; };
		F9F7971226B2FE6A0004F9B2 /* SceneDelegate.swift */ = {isa = PBXFileReference; lastKnownFileType = sourcecode.swift; path = SceneDelegate.swift; sourceTree = "<group>"; };
		F9F7971426B2FE6A0004F9B2 /* ViewController.swift */ = {isa = PBXFileReference; lastKnownFileType = sourcecode.swift; path = ViewController.swift; sourceTree = "<group>"; };
		F9F7971726B2FE6A0004F9B2 /* Base */ = {isa = PBXFileReference; lastKnownFileType = file.storyboard; name = Base; path = Base.lproj/Main.storyboard; sourceTree = "<group>"; };
		F9F7971A26B2FE6A0004F9B2 /* Intro_to_Segues.xcdatamodel */ = {isa = PBXFileReference; lastKnownFileType = wrapper.xcdatamodel; path = Intro_to_Segues.xcdatamodel; sourceTree = "<group>"; };
		F9F7971C26B2FE6B0004F9B2 /* Assets.xcassets */ = {isa = PBXFileReference; lastKnownFileType = folder.assetcatalog; path = Assets.xcassets; sourceTree = "<group>"; };
		F9F7971F26B2FE6B0004F9B2 /* Base */ = {isa = PBXFileReference; lastKnownFileType = file.storyboard; name = Base; path = Base.lproj/LaunchScreen.storyboard; sourceTree = "<group>"; };
		F9F7972126B2FE6B0004F9B2 /* Info.plist */ = {isa = PBXFileReference; lastKnownFileType = text.plist.xml; path = Info.plist; sourceTree = "<group>"; };
		F9F7972626B2FE6B0004F9B2 /* Intro-to-SeguesTests.xctest */ = {isa = PBXFileReference; explicitFileType = wrapper.cfbundle; includeInIndex = 0; path = "Intro-to-SeguesTests.xctest"; sourceTree = BUILT_PRODUCTS_DIR; };
		F9F7972A26B2FE6B0004F9B2 /* Intro_to_SeguesTests.swift */ = {isa = PBXFileReference; lastKnownFileType = sourcecode.swift; path = Intro_to_SeguesTests.swift; sourceTree = "<group>"; };
		F9F7972C26B2FE6B0004F9B2 /* Info.plist */ = {isa = PBXFileReference; lastKnownFileType = text.plist.xml; path = Info.plist; sourceTree = "<group>"; };
		F9F7973126B2FE6B0004F9B2 /* Intro-to-SeguesUITests.xctest */ = {isa = PBXFileReference; explicitFileType = wrapper.cfbundle; includeInIndex = 0; path = "Intro-to-SeguesUITests.xctest"; sourceTree = BUILT_PRODUCTS_DIR; };
		F9F7973526B2FE6B0004F9B2 /* Intro_to_SeguesUITests.swift */ = {isa = PBXFileReference; lastKnownFileType = sourcecode.swift; path = Intro_to_SeguesUITests.swift; sourceTree = "<group>"; };
		F9F7973726B2FE6B0004F9B2 /* Info.plist */ = {isa = PBXFileReference; lastKnownFileType = text.plist.xml; path = Info.plist; sourceTree = "<group>"; };
		F9F7974326B306820004F9B2 /* SecondViewController.swift */ = {isa = PBXFileReference; lastKnownFileType = sourcecode.swift; path = SecondViewController.swift; sourceTree = "<group>"; };
/* End PBXFileReference section */

/* Begin PBXFrameworksBuildPhase section */
		F9F7970A26B2FE6A0004F9B2 /* Frameworks */ = {
			isa = PBXFrameworksBuildPhase;
			buildActionMask = 2147483647;
			files = (
			);
			runOnlyForDeploymentPostprocessing = 0;
		};
		F9F7972326B2FE6B0004F9B2 /* Frameworks */ = {
			isa = PBXFrameworksBuildPhase;
			buildActionMask = 2147483647;
			files = (
			);
			runOnlyForDeploymentPostprocessing = 0;
		};
		F9F7972E26B2FE6B0004F9B2 /* Frameworks */ = {
			isa = PBXFrameworksBuildPhase;
			buildActionMask = 2147483647;
			files = (
			);
			runOnlyForDeploymentPostprocessing = 0;
		};
/* End PBXFrameworksBuildPhase section */

/* Begin PBXGroup section */
		F9F7970426B2FE6A0004F9B2 = {
			isa = PBXGroup;
			children = (
				F9F7970F26B2FE6A0004F9B2 /* Intro-to-Segues */,
				F9F7972926B2FE6B0004F9B2 /* Intro-to-SeguesTests */,
				F9F7973426B2FE6B0004F9B2 /* Intro-to-SeguesUITests */,
				F9F7970E26B2FE6A0004F9B2 /* Products */,
			);
			sourceTree = "<group>";
		};
		F9F7970E26B2FE6A0004F9B2 /* Products */ = {
			isa = PBXGroup;
			children = (
				F9F7970D26B2FE6A0004F9B2 /* Intro-to-Segues.app */,
				F9F7972626B2FE6B0004F9B2 /* Intro-to-SeguesTests.xctest */,
				F9F7973126B2FE6B0004F9B2 /* Intro-to-SeguesUITests.xctest */,
			);
			name = Products;
			sourceTree = "<group>";
		};
		F9F7970F26B2FE6A0004F9B2 /* Intro-to-Segues */ = {
			isa = PBXGroup;
			children = (
				F9F7971026B2FE6A0004F9B2 /* AppDelegate.swift */,
				F9F7971226B2FE6A0004F9B2 /* SceneDelegate.swift */,
				F9F7971426B2FE6A0004F9B2 /* ViewController.swift */,
				F9F7971626B2FE6A0004F9B2 /* Main.storyboard */,
				F9F7971C26B2FE6B0004F9B2 /* Assets.xcassets */,
				F9F7971E26B2FE6B0004F9B2 /* LaunchScreen.storyboard */,
				F9F7972126B2FE6B0004F9B2 /* Info.plist */,
				F9F7971926B2FE6A0004F9B2 /* Intro_to_Segues.xcdatamodeld */,
				F9F7974326B306820004F9B2 /* SecondViewController.swift */,
			);
			path = "Intro-to-Segues";
			sourceTree = "<group>";
		};
		F9F7972926B2FE6B0004F9B2 /* Intro-to-SeguesTests */ = {
			isa = PBXGroup;
			children = (
				F9F7972A26B2FE6B0004F9B2 /* Intro_to_SeguesTests.swift */,
				F9F7972C26B2FE6B0004F9B2 /* Info.plist */,
			);
			path = "Intro-to-SeguesTests";
			sourceTree = "<group>";
		};
		F9F7973426B2FE6B0004F9B2 /* Intro-to-SeguesUITests */ = {
			isa = PBXGroup;
			children = (
				F9F7973526B2FE6B0004F9B2 /* Intro_to_SeguesUITests.swift */,
				F9F7973726B2FE6B0004F9B2 /* Info.plist */,
			);
			path = "Intro-to-SeguesUITests";
			sourceTree = "<group>";
		};
/* End PBXGroup section */

/* Begin PBXNativeTarget section */
		F9F7970C26B2FE6A0004F9B2 /* Intro-to-Segues */ = {
			isa = PBXNativeTarget;
			buildConfigurationList = F9F7973A26B2FE6B0004F9B2 /* Build configuration list for PBXNativeTarget "Intro-to-Segues" */;
			buildPhases = (
				F9F7970926B2FE6A0004F9B2 /* Sources */,
				F9F7970A26B2FE6A0004F9B2 /* Frameworks */,
				F9F7970B26B2FE6A0004F9B2 /* Resources */,
			);
			buildRules = (
			);
			dependencies = (
			);
			name = "Intro-to-Segues";
			productName = "Intro-to-Segues";
			productReference = F9F7970D26B2FE6A0004F9B2 /* Intro-to-Segues.app */;
			productType = "com.apple.product-type.application";
		};
		F9F7972526B2FE6B0004F9B2 /* Intro-to-SeguesTests */ = {
			isa = PBXNativeTarget;
			buildConfigurationList = F9F7973D26B2FE6B0004F9B2 /* Build configuration list for PBXNativeTarget "Intro-to-SeguesTests" */;
			buildPhases = (
				F9F7972226B2FE6B0004F9B2 /* Sources */,
				F9F7972326B2FE6B0004F9B2 /* Frameworks */,
				F9F7972426B2FE6B0004F9B2 /* Resources */,
			);
			buildRules = (
			);
			dependencies = (
				F9F7972826B2FE6B0004F9B2 /* PBXTargetDependency */,
			);
			name = "Intro-to-SeguesTests";
			productName = "Intro-to-SeguesTests";
			productReference = F9F7972626B2FE6B0004F9B2 /* Intro-to-SeguesTests.xctest */;
			productType = "com.apple.product-type.bundle.unit-test";
		};
		F9F7973026B2FE6B0004F9B2 /* Intro-to-SeguesUITests */ = {
			isa = PBXNativeTarget;
			buildConfigurationList = F9F7974026B2FE6B0004F9B2 /* Build configuration list for PBXNativeTarget "Intro-to-SeguesUITests" */;
			buildPhases = (
				F9F7972D26B2FE6B0004F9B2 /* Sources */,
				F9F7972E26B2FE6B0004F9B2 /* Frameworks */,
				F9F7972F26B2FE6B0004F9B2 /* Resources */,
			);
			buildRules = (
			);
			dependencies = (
				F9F7973326B2FE6B0004F9B2 /* PBXTargetDependency */,
			);
			name = "Intro-to-SeguesUITests";
			productName = "Intro-to-SeguesUITests";
			productReference = F9F7973126B2FE6B0004F9B2 /* Intro-to-SeguesUITests.xctest */;
			productType = "com.apple.product-type.bundle.ui-testing";
		};
/* End PBXNativeTarget section */

/* Begin PBXProject section */
		F9F7970526B2FE6A0004F9B2 /* Project object */ = {
			isa = PBXProject;
			attributes = {
				LastSwiftUpdateCheck = 1250;
				LastUpgradeCheck = 1250;
				TargetAttributes = {
					F9F7970C26B2FE6A0004F9B2 = {
						CreatedOnToolsVersion = 12.5.1;
					};
					F9F7972526B2FE6B0004F9B2 = {
						CreatedOnToolsVersion = 12.5.1;
						TestTargetID = F9F7970C26B2FE6A0004F9B2;
					};
					F9F7973026B2FE6B0004F9B2 = {
						CreatedOnToolsVersion = 12.5.1;
						TestTargetID = F9F7970C26B2FE6A0004F9B2;
					};
				};
			};
			buildConfigurationList = F9F7970826B2FE6A0004F9B2 /* Build configuration list for PBXProject "Intro-to-Segues" */;
			compatibilityVersion = "Xcode 9.3";
			developmentRegion = en;
			hasScannedForEncodings = 0;
			knownRegions = (
				en,
				Base,
			);
			mainGroup = F9F7970426B2FE6A0004F9B2;
			productRefGroup = F9F7970E26B2FE6A0004F9B2 /* Products */;
			projectDirPath = "";
			projectRoot = "";
			targets = (
				F9F7970C26B2FE6A0004F9B2 /* Intro-to-Segues */,
				F9F7972526B2FE6B0004F9B2 /* Intro-to-SeguesTests */,
				F9F7973026B2FE6B0004F9B2 /* Intro-to-SeguesUITests */,
			);
		};
/* End PBXProject section */

/* Begin PBXResourcesBuildPhase section */
		F9F7970B26B2FE6A0004F9B2 /* Resources */ = {
			isa = PBXResourcesBuildPhase;
			buildActionMask = 2147483647;
			files = (
				F9F7972026B2FE6B0004F9B2 /* LaunchScreen.storyboard in Resources */,
				F9F7971D26B2FE6B0004F9B2 /* Assets.xcassets in Resources */,
				F9F7971826B2FE6A0004F9B2 /* Main.storyboard in Resources */,
			);
			runOnlyForDeploymentPostprocessing = 0;
		};
		F9F7972426B2FE6B0004F9B2 /* Resources */ = {
			isa = PBXResourcesBuildPhase;
			buildActionMask = 2147483647;
			files = (
			);
			runOnlyForDeploymentPostprocessing = 0;
		};
		F9F7972F26B2FE6B0004F9B2 /* Resources */ = {
			isa = PBXResourcesBuildPhase;
			buildActionMask = 2147483647;
			files = (
			);
			runOnlyForDeploymentPostprocessing = 0;
		};
/* End PBXResourcesBuildPhase section */

/* Begin PBXSourcesBuildPhase section */
		F9F7970926B2FE6A0004F9B2 /* Sources */ = {
			isa = PBXSourcesBuildPhase;
			buildActionMask = 2147483647;
			files = (
				F9F7971526B2FE6A0004F9B2 /* ViewController.swift in Sources */,
				F9F7971B26B2FE6A0004F9B2 /* Intro_to_Segues.xcdatamodeld in Sources */,
				F9F7971126B2FE6A0004F9B2 /* AppDelegate.swift in Sources */,
				F9F7974426B306820004F9B2 /* SecondViewController.swift in Sources */,
				F9F7971326B2FE6A0004F9B2 /* SceneDelegate.swift in Sources */,
			);
			runOnlyForDeploymentPostprocessing = 0;
		};
		F9F7972226B2FE6B0004F9B2 /* Sources */ = {
			isa = PBXSourcesBuildPhase;
			buildActionMask = 2147483647;
			files = (
				F9F7972B26B2FE6B0004F9B2 /* Intro_to_SeguesTests.swift in Sources */,
			);
			runOnlyForDeploymentPostprocessing = 0;
		};
		F9F7972D26B2FE6B0004F9B2 /* Sources */ = {
			isa = PBXSourcesBuildPhase;
			buildActionMask = 2147483647;
			files = (
				F9F7973626B2FE6B0004F9B2 /* Intro_to_SeguesUITests.swift in Sources */,
			);
			runOnlyForDeploymentPostprocessing = 0;
		};
/* End PBXSourcesBuildPhase section */

/* Begin PBXTargetDependency section */
		F9F7972826B2FE6B0004F9B2 /* PBXTargetDependency */ = {
			isa = PBXTargetDependency;
			target = F9F7970C26B2FE6A0004F9B2 /* Intro-to-Segues */;
			targetProxy = F9F7972726B2FE6B0004F9B2 /* PBXContainerItemProxy */;
		};
		F9F7973326B2FE6B0004F9B2 /* PBXTargetDependency */ = {
			isa = PBXTargetDependency;
			target = F9F7970C26B2FE6A0004F9B2 /* Intro-to-Segues */;
			targetProxy = F9F7973226B2FE6B0004F9B2 /* PBXContainerItemProxy */;
		};
/* End PBXTargetDependency section */

/* Begin PBXVariantGroup section */
		F9F7971626B2FE6A0004F9B2 /* Main.storyboard */ = {
			isa = PBXVariantGroup;
			children = (
				F9F7971726B2FE6A0004F9B2 /* Base */,
			);
			name = Main.storyboard;
			sourceTree = "<group>";
		};
		F9F7971E26B2FE6B0004F9B2 /* LaunchScreen.storyboard */ = {
			isa = PBXVariantGroup;
			children = (
				F9F7971F26B2FE6B0004F9B2 /* Base */,
			);
			name = LaunchScreen.storyboard;
			sourceTree = "<group>";
		};
/* End PBXVariantGroup section */

/* Begin XCBuildConfiguration section */
		F9F7973826B2FE6B0004F9B2 /* Debug */ = {
			isa = XCBuildConfiguration;
			buildSettings = {
				ALWAYS_SEARCH_USER_PATHS = NO;
				CLANG_ANALYZER_NONNULL = YES;
				CLANG_ANALYZER_NUMBER_OBJECT_CONVERSION = YES_AGGRESSIVE;
				CLANG_CXX_LANGUAGE_STANDARD = "gnu++14";
				CLANG_CXX_LIBRARY = "libc++";
				CLANG_ENABLE_MODULES = YES;
				CLANG_ENABLE_OBJC_ARC = YES;
				CLANG_ENABLE_OBJC_WEAK = YES;
				CLANG_WARN_BLOCK_CAPTURE_AUTORELEASING = YES;
				CLANG_WARN_BOOL_CONVERSION = YES;
				CLANG_WARN_COMMA = YES;
				CLANG_WARN_CONSTANT_CONVERSION = YES;
				CLANG_WARN_DEPRECATED_OBJC_IMPLEMENTATIONS = YES;
				CLANG_WARN_DIRECT_OBJC_ISA_USAGE = YES_ERROR;
				CLANG_WARN_DOCUMENTATION_COMMENTS = YES;
				CLANG_WARN_EMPTY_BODY = YES;
				CLANG_WARN_ENUM_CONVERSION = YES;
				CLANG_WARN_INFINITE_RECURSION = YES;
				CLANG_WARN_INT_CONVERSION = YES;
				CLANG_WARN_NON_LITERAL_NULL_CONVERSION = YES;
				CLANG_WARN_OBJC_IMPLICIT_RETAIN_SELF = YES;
				CLANG_WARN_OBJC_LITERAL_CONVERSION = YES;
				CLANG_WARN_OBJC_ROOT_CLASS = YES_ERROR;
				CLANG_WARN_QUOTED_INCLUDE_IN_FRAMEWORK_HEADER = YES;
				CLANG_WARN_RANGE_LOOP_ANALYSIS = YES;
				CLANG_WARN_STRICT_PROTOTYPES = YES;
				CLANG_WARN_SUSPICIOUS_MOVE = YES;
				CLANG_WARN_UNGUARDED_AVAILABILITY = YES_AGGRESSIVE;
				CLANG_WARN_UNREACHABLE_CODE = YES;
				CLANG_WARN__DUPLICATE_METHOD_MATCH = YES;
				COPY_PHASE_STRIP = NO;
				DEBUG_INFORMATION_FORMAT = dwarf;
				ENABLE_STRICT_OBJC_MSGSEND = YES;
				ENABLE_TESTABILITY = YES;
				GCC_C_LANGUAGE_STANDARD = gnu11;
				GCC_DYNAMIC_NO_PIC = NO;
				GCC_NO_COMMON_BLOCKS = YES;
				GCC_OPTIMIZATION_LEVEL = 0;
				GCC_PREPROCESSOR_DEFINITIONS = (
					"DEBUG=1",
					"$(inherited)",
				);
				GCC_WARN_64_TO_32_BIT_CONVERSION = YES;
				GCC_WARN_ABOUT_RETURN_TYPE = YES_ERROR;
				GCC_WARN_UNDECLARED_SELECTOR = YES;
				GCC_WARN_UNINITIALIZED_AUTOS = YES_AGGRESSIVE;
				GCC_WARN_UNUSED_FUNCTION = YES;
				GCC_WARN_UNUSED_VARIABLE = YES;
				IPHONEOS_DEPLOYMENT_TARGET = 14.5;
				MTL_ENABLE_DEBUG_INFO = INCLUDE_SOURCE;
				MTL_FAST_MATH = YES;
				ONLY_ACTIVE_ARCH = YES;
				SDKROOT = iphoneos;
				SWIFT_ACTIVE_COMPILATION_CONDITIONS = DEBUG;
				SWIFT_OPTIMIZATION_LEVEL = "-Onone";
			};
			name = Debug;
		};
		F9F7973926B2FE6B0004F9B2 /* Release */ = {
			isa = XCBuildConfiguration;
			buildSettings = {
				ALWAYS_SEARCH_USER_PATHS = NO;
				CLANG_ANALYZER_NONNULL = YES;
				CLANG_ANALYZER_NUMBER_OBJECT_CONVERSION = YES_AGGRESSIVE;
				CLANG_CXX_LANGUAGE_STANDARD = "gnu++14";
				CLANG_CXX_LIBRARY = "libc++";
				CLANG_ENABLE_MODULES = YES;
				CLANG_ENABLE_OBJC_ARC = YES;
				CLANG_ENABLE_OBJC_WEAK = YES;
				CLANG_WARN_BLOCK_CAPTURE_AUTORELEASING = YES;
				CLANG_WARN_BOOL_CONVERSION = YES;
				CLANG_WARN_COMMA = YES;
				CLANG_WARN_CONSTANT_CONVERSION = YES;
				CLANG_WARN_DEPRECATED_OBJC_IMPLEMENTATIONS = YES;
				CLANG_WARN_DIRECT_OBJC_ISA_USAGE = YES_ERROR;
				CLANG_WARN_DOCUMENTATION_COMMENTS = YES;
				CLANG_WARN_EMPTY_BODY = YES;
				CLANG_WARN_ENUM_CONVERSION = YES;
				CLANG_WARN_INFINITE_RECURSION = YES;
				CLANG_WARN_INT_CONVERSION = YES;
				CLANG_WARN_NON_LITERAL_NULL_CONVERSION = YES;
				CLANG_WARN_OBJC_IMPLICIT_RETAIN_SELF = YES;
				CLANG_WARN_OBJC_LITERAL_CONVERSION = YES;
				CLANG_WARN_OBJC_ROOT_CLASS = YES_ERROR;
				CLANG_WARN_QUOTED_INCLUDE_IN_FRAMEWORK_HEADER = YES;
				CLANG_WARN_RANGE_LOOP_ANALYSIS = YES;
				CLANG_WARN_STRICT_PROTOTYPES = YES;
				CLANG_WARN_SUSPICIOUS_MOVE = YES;
				CLANG_WARN_UNGUARDED_AVAILABILITY = YES_AGGRESSIVE;
				CLANG_WARN_UNREACHABLE_CODE = YES;
				CLANG_WARN__DUPLICATE_METHOD_MATCH = YES;
				COPY_PHASE_STRIP = NO;
				DEBUG_INFORMATION_FORMAT = "dwarf-with-dsym";
				ENABLE_NS_ASSERTIONS = NO;
				ENABLE_STRICT_OBJC_MSGSEND = YES;
				GCC_C_LANGUAGE_STANDARD = gnu11;
				GCC_NO_COMMON_BLOCKS = YES;
				GCC_WARN_64_TO_32_BIT_CONVERSION = YES;
				GCC_WARN_ABOUT_RETURN_TYPE = YES_ERROR;
				GCC_WARN_UNDECLARED_SELECTOR = YES;
				GCC_WARN_UNINITIALIZED_AUTOS = YES_AGGRESSIVE;
				GCC_WARN_UNUSED_FUNCTION = YES;
				GCC_WARN_UNUSED_VARIABLE = YES;
				IPHONEOS_DEPLOYMENT_TARGET = 14.5;
				MTL_ENABLE_DEBUG_INFO = NO;
				MTL_FAST_MATH = YES;
				SDKROOT = iphoneos;
				SWIFT_COMPILATION_MODE = wholemodule;
				SWIFT_OPTIMIZATION_LEVEL = "-O";
				VALIDATE_PRODUCT = YES;
			};
			name = Release;
		};
		F9F7973B26B2FE6B0004F9B2 /* Debug */ = {
			isa = XCBuildConfiguration;
			buildSettings = {
				ASSETCATALOG_COMPILER_APPICON_NAME = AppIcon;
				ASSETCATALOG_COMPILER_GLOBAL_ACCENT_COLOR_NAME = AccentColor;
				CODE_SIGN_STYLE = Automatic;
				INFOPLIST_FILE = "Intro-to-Segues/Info.plist";
				LD_RUNPATH_SEARCH_PATHS = (
					"$(inherited)",
					"@executable_path/Frameworks",
				);
				PRODUCT_BUNDLE_IDENTIFIER = "KWK.Intro-to-Segues";
				PRODUCT_NAME = "$(TARGET_NAME)";
				SWIFT_VERSION = 5.0;
				TARGETED_DEVICE_FAMILY = "1,2";
			};
			name = Debug;
		};
		F9F7973C26B2FE6B0004F9B2 /* Release */ = {
			isa = XCBuildConfiguration;
			buildSettings = {
				ASSETCATALOG_COMPILER_APPICON_NAME = AppIcon;
				ASSETCATALOG_COMPILER_GLOBAL_ACCENT_COLOR_NAME = AccentColor;
				CODE_SIGN_STYLE = Automatic;
				INFOPLIST_FILE = "Intro-to-Segues/Info.plist";
				LD_RUNPATH_SEARCH_PATHS = (
					"$(inherited)",
					"@executable_path/Frameworks",
				);
				PRODUCT_BUNDLE_IDENTIFIER = "KWK.Intro-to-Segues";
				PRODUCT_NAME = "$(TARGET_NAME)";
				SWIFT_VERSION = 5.0;
				TARGETED_DEVICE_FAMILY = "1,2";
			};
			name = Release;
		};
		F9F7973E26B2FE6B0004F9B2 /* Debug */ = {
			isa = XCBuildConfiguration;
			buildSettings = {
				ALWAYS_EMBED_SWIFT_STANDARD_LIBRARIES = YES;
				BUNDLE_LOADER = "$(TEST_HOST)";
				CODE_SIGN_STYLE = Automatic;
				INFOPLIST_FILE = "Intro-to-SeguesTests/Info.plist";
				IPHONEOS_DEPLOYMENT_TARGET = 14.5;
				LD_RUNPATH_SEARCH_PATHS = (
					"$(inherited)",
					"@executable_path/Frameworks",
					"@loader_path/Frameworks",
				);
				PRODUCT_BUNDLE_IDENTIFIER = "KWK.Intro-to-SeguesTests";
				PRODUCT_NAME = "$(TARGET_NAME)";
				SWIFT_VERSION = 5.0;
				TARGETED_DEVICE_FAMILY = "1,2";
				TEST_HOST = "$(BUILT_PRODUCTS_DIR)/Intro-to-Segues.app/Intro-to-Segues";
			};
			name = Debug;
		};
		F9F7973F26B2FE6B0004F9B2 /* Release */ = {
			isa = XCBuildConfiguration;
			buildSettings = {
				ALWAYS_EMBED_SWIFT_STANDARD_LIBRARIES = YES;
				BUNDLE_LOADER = "$(TEST_HOST)";
				CODE_SIGN_STYLE = Automatic;
				INFOPLIST_FILE = "Intro-to-SeguesTests/Info.plist";
				IPHONEOS_DEPLOYMENT_TARGET = 14.5;
				LD_RUNPATH_SEARCH_PATHS = (
					"$(inherited)",
					"@executable_path/Frameworks",
					"@loader_path/Frameworks",
				);
				PRODUCT_BUNDLE_IDENTIFIER = "KWK.Intro-to-SeguesTests";
				PRODUCT_NAME = "$(TARGET_NAME)";
				SWIFT_VERSION = 5.0;
				TARGETED_DEVICE_FAMILY = "1,2";
				TEST_HOST = "$(BUILT_PRODUCTS_DIR)/Intro-to-Segues.app/Intro-to-Segues";
			};
			name = Release;
		};
		F9F7974126B2FE6B0004F9B2 /* Debug */ = {
			isa = XCBuildConfiguration;
			buildSettings = {
				ALWAYS_EMBED_SWIFT_STANDARD_LIBRARIES = YES;
				CODE_SIGN_STYLE = Automatic;
				INFOPLIST_FILE = "Intro-to-SeguesUITests/Info.plist";
				LD_RUNPATH_SEARCH_PATHS = (
					"$(inherited)",
					"@executable_path/Frameworks",
					"@loader_path/Frameworks",
				);
				PRODUCT_BUNDLE_IDENTIFIER = "KWK.Intro-to-SeguesUITests";
				PRODUCT_NAME = "$(TARGET_NAME)";
				SWIFT_VERSION = 5.0;
				TARGETED_DEVICE_FAMILY = "1,2";
				TEST_TARGET_NAME = "Intro-to-Segues";
			};
			name = Debug;
		};
		F9F7974226B2FE6B0004F9B2 /* Release */ = {
			isa = XCBuildConfiguration;
			buildSettings = {
				ALWAYS_EMBED_SWIFT_STANDARD_LIBRARIES = YES;
				CODE_SIGN_STYLE = Automatic;
				INFOPLIST_FILE = "Intro-to-SeguesUITests/Info.plist";
				LD_RUNPATH_SEARCH_PATHS = (
					"$(inherited)",
					"@executable_path/Frameworks",
					"@loader_path/Frameworks",
				);
				PRODUCT_BUNDLE_IDENTIFIER = "KWK.Intro-to-SeguesUITests";
				PRODUCT_NAME = "$(TARGET_NAME)";
				SWIFT_VERSION = 5.0;
				TARGETED_DEVICE_FAMILY = "1,2";
				TEST_TARGET_NAME = "Intro-to-Segues";
			};
			name = Release;
		};
/* End XCBuildConfiguration section */

/* Begin XCConfigurationList section */
		F9F7970826B2FE6A0004F9B2 /* Build configuration list for PBXProject "Intro-to-Segues" */ = {
			isa = XCConfigurationList;
			buildConfigurations = (
				F9F7973826B2FE6B0004F9B2 /* Debug */,
				F9F7973926B2FE6B0004F9B2 /* Release */,
			);
			defaultConfigurationIsVisible = 0;
			defaultConfigurationName = Release;
		};
		F9F7973A26B2FE6B0004F9B2 /* Build configuration list for PBXNativeTarget "Intro-to-Segues" */ = {
			isa = XCConfigurationList;
			buildConfigurations = (
				F9F7973B26B2FE6B0004F9B2 /* Debug */,
				F9F7973C26B2FE6B0004F9B2 /* Release */,
			);
			defaultConfigurationIsVisible = 0;
			defaultConfigurationName = Release;
		};
		F9F7973D26B2FE6B0004F9B2 /* Build configuration list for PBXNativeTarget "Intro-to-SeguesTests" */ = {
			isa = XCConfigurationList;
			buildConfigurations = (
				F9F7973E26B2FE6B0004F9B2 /* Debug */,
				F9F7973F26B2FE6B0004F9B2 /* Release */,
			);
			defaultConfigurationIsVisible = 0;
			defaultConfigurationName = Release;
		};
		F9F7974026B2FE6B0004F9B2 /* Build configuration list for PBXNativeTarget "Intro-to-SeguesUITests" */ = {
			isa = XCConfigurationList;
			buildConfigurations = (
				F9F7974126B2FE6B0004F9B2 /* Debug */,
				F9F7974226B2FE6B0004F9B2 /* Release */,
			);
			defaultConfigurationIsVisible = 0;
			defaultConfigurationName = Release;
		};
/* End XCConfigurationList section */

/* Begin XCVersionGroup section */
		F9F7971926B2FE6A0004F9B2 /* Intro_to_Segues.xcdatamodeld */ = {
			isa = XCVersionGroup;
			children = (
				F9F7971A26B2FE6A0004F9B2 /* Intro_to_Segues.xcdatamodel */,
			);
			currentVersion = F9F7971A26B2FE6A0004F9B2 /* Intro_to_Segues.xcdatamodel */;
			path = Intro_to_Segues.xcdatamodeld;
			sourceTree = "<group>";
			versionGroupType = wrapper.xcdatamodel;
		};
/* End XCVersionGroup section */
	};
	rootObject = F9F7970526B2FE6A0004F9B2 /* Project object */;
}
